
Microsoft Visual Studio Solution File, Format Version 12.00
# Visual Studio Version 17
VisualStudioVersion = 17.7.34009.444
MinimumVisualStudioVersion = 10.0.40219.1
Project("{FAE04EC0-301F-11D3-BF4B-00C04F79EFBC}") = "BDOExtensions", "BDOExtensions\BDOExtensions.csproj", "{E351449D-23C4-4F7D-B1C8-5753C4158415}"
EndProject
Global
	GlobalSection(SolutionConfigurationPlatforms) = preSolution
		Debug|Any CPU = Debug|Any CPU
		Release|Any CPU = Release|Any CPU
	EndGlobalSection
	GlobalSection(ProjectConfigurationPlatforms) = postSolution
		{E351449D-23C4-4F7D-B1C8-5753C4158415}.Debug|Any CPU.ActiveCfg = Debug|Any CPU
		{E351449D-23C4-4F7D-B1C8-5753C4158415}.Debug|Any CPU.Build.0 = Debug|Any CPU
		{E351449D-23C4-4F7D-B1C8-5753C4158415}.Release|Any CPU.ActiveCfg = Release|Any CPU
		{E351449D-23C4-4F7D-B1C8-5753C4158415}.Release|Any CPU.Build.0 = Release|Any CPU
	EndGlobalSection
	GlobalSection(SolutionProperties) = preSolution
		HideSolutionNode = FALSE
	EndGlobalSection
	GlobalSection(ExtensibilityGlobals) = postSolution
		SolutionGuid = {5B0A8680-44D2-4671-809A-88136AF2BB6B}
	EndGlobalSection
EndGlobal
